
Microsoft Visual Studio Solution File, Format Version 12.00
# Visual Studio Version 16
VisualStudioVersion = 16.0.30204.135
MinimumVisualStudioVersion = 10.0.40219.1
Project("{FAE04EC0-301F-11D3-BF4B-00C04F79EFBC}") = "MVCdeneme2", "MVCdeneme2.csproj", "{907CB6D9-1B07-44B6-956B-0E6128AC892A}"
EndProject
Global
	GlobalSection(SolutionConfigurationPlatforms) = preSolution
		Debug|Any CPU = Debug|Any CPU
		Release|Any CPU = Release|Any CPU
	EndGlobalSection
	GlobalSection(ProjectConfigurationPlatforms) = postSolution
		{907CB6D9-1B07-44B6-956B-0E6128AC892A}.Debug|Any CPU.ActiveCfg = Debug|Any CPU
		{907CB6D9-1B07-44B6-956B-0E6128AC892A}.Debug|Any CPU.Build.0 = Debug|Any CPU
		{907CB6D9-1B07-44B6-956B-0E6128AC892A}.Release|Any CPU.ActiveCfg = Release|Any CPU
		{907CB6D9-1B07-44B6-956B-0E6128AC892A}.Release|Any CPU.Build.0 = Release|Any CPU
	EndGlobalSection
	GlobalSection(SolutionProperties) = preSolution
		HideSolutionNode = FALSE
	EndGlobalSection
	GlobalSection(ExtensibilityGlobals) = postSolution
		SolutionGuid = {6023CCDD-A82B-4947-ABCE-72DD49EF23CE}
	EndGlobalSection
EndGlobal
